
Microsoft Visual Studio Solution File, Format Version 12.00
# Visual Studio Version 17
VisualStudioVersion = 17.0.31903.59
MinimumVisualStudioVersion = 10.0.40219.1
Project("{2150E333-8FDC-42A3-9474-1A3956D46DE8}") = "src", "src", "{827E0CD3-B72D-47B6-A68D-7590B98EB39B}"
EndProject
Project("{FAE04EC0-301F-11D3-BF4B-00C04F79EFBC}") = "Kernel.Contracts", "src\Kernel.Contracts\Kernel.Contracts.csproj", "{B1B713B5-70C9-4871-98EC-1AF557FAC575}"
EndProject
Project("{FAE04EC0-301F-11D3-BF4B-00C04F79EFBC}") = "Kernel.App", "src\Kernel.App\Kernel.App.csproj", "{B2621D1F-0D63-4616-B74A-9C5660840D8A}"
EndProject
Project("{FAE04EC0-301F-11D3-BF4B-00C04F79EFBC}") = "Kernel.Persistence", "src\Kernel.Persistence\Kernel.Persistence.csproj", "{D71E2E31-AFCB-4B45-86C4-8087E0ECA6D4}"
EndProject
Project("{FAE04EC0-301F-11D3-BF4B-00C04F79EFBC}") = "Kernel.Api", "src\Kernel.Api\Kernel.Api.csproj", "{5ED63641-47AC-4B14-8C6F-349B575BC781}"
EndProject
Project("{FAE04EC0-301F-11D3-BF4B-00C04F79EFBC}") = "Kernel.Tests.Architecture", "tests\Kernel.Tests.Architecture\Kernel.Tests.Architecture.csproj", "{79CB364C-ACF0-4611-916C-F797FFA7B0CA}"
EndProject
Project("{FAE04EC0-301F-11D3-BF4B-00C04F79EFBC}") = "Kernel.Tests.Unit", "tests\Kernel.Tests.Unit\Kernel.Tests.Unit.csproj", "{BED4F31B-EC0C-4ABF-9C3D-B7D02B1ED364}"
EndProject
Project("{FAE04EC0-301F-11D3-BF4B-00C04F79EFBC}") = "Kernel.Tests.Integration", "tests\Kernel.Tests.Integration\Kernel.Tests.Integration.csproj", "{71D193B6-727A-41F9-A1B5-7D44E92ACD84}"
EndProject
Global
	GlobalSection(SolutionConfigurationPlatforms) = preSolution
		Debug|Any CPU = Debug|Any CPU
		Debug|x64 = Debug|x64
		Debug|x86 = Debug|x86
		Release|Any CPU = Release|Any CPU
		Release|x64 = Release|x64
		Release|x86 = Release|x86
	EndGlobalSection
	GlobalSection(ProjectConfigurationPlatforms) = postSolution
		{B1B713B5-70C9-4871-98EC-1AF557FAC575}.Debug|Any CPU.ActiveCfg = Debug|Any CPU
		{B1B713B5-70C9-4871-98EC-1AF557FAC575}.Debug|Any CPU.Build.0 = Debug|Any CPU
		{B1B713B5-70C9-4871-98EC-1AF557FAC575}.Debug|x64.ActiveCfg = Debug|Any CPU
		{B1B713B5-70C9-4871-98EC-1AF557FAC575}.Debug|x64.Build.0 = Debug|Any CPU
		{B1B713B5-70C9-4871-98EC-1AF557FAC575}.Debug|x86.ActiveCfg = Debug|Any CPU
		{B1B713B5-70C9-4871-98EC-1AF557FAC575}.Debug|x86.Build.0 = Debug|Any CPU
		{B1B713B5-70C9-4871-98EC-1AF557FAC575}.Release|Any CPU.ActiveCfg = Release|Any CPU
		{B1B713B5-70C9-4871-98EC-1AF557FAC575}.Release|Any CPU.Build.0 = Release|Any CPU
		{B1B713B5-70C9-4871-98EC-1AF557FAC575}.Release|x64.ActiveCfg = Release|Any CPU
		{B1B713B5-70C9-4871-98EC-1AF557FAC575}.Release|x64.Build.0 = Release|Any CPU
		{B1B713B5-70C9-4871-98EC-1AF557FAC575}.Release|x86.ActiveCfg = Release|Any CPU
		{B1B713B5-70C9-4871-98EC-1AF557FAC575}.Release|x86.Build.0 = Release|Any CPU
		{B2621D1F-0D63-4616-B74A-9C5660840D8A}.Debug|Any CPU.ActiveCfg = Debug|Any CPU
		{B2621D1F-0D63-4616-B74A-9C5660840D8A}.Debug|Any CPU.Build.0 = Debug|Any CPU
		{B2621D1F-0D63-4616-B74A-9C5660840D8A}.Debug|x64.ActiveCfg = Debug|Any CPU
		{B2621D1F-0D63-4616-B74A-9C5660840D8A}.Debug|x64.Build.0 = Debug|Any CPU
		{B2621D1F-0D63-4616-B74A-9C5660840D8A}.Debug|x86.ActiveCfg = Debug|Any CPU
		{B2621D1F-0D63-4616-B74A-9C5660840D8A}.Debug|x86.Build.0 = Debug|Any CPU
		{B2621D1F-0D63-4616-B74A-9C5660840D8A}.Release|Any CPU.ActiveCfg = Release|Any CPU
		{B2621D1F-0D63-4616-B74A-9C5660840D8A}.Release|Any CPU.Build.0 = Release|Any CPU
		{B2621D1F-0D63-4616-B74A-9C5660840D8A}.Release|x64.ActiveCfg = Release|Any CPU
		{B2621D1F-0D63-4616-B74A-9C5660840D8A}.Release|x64.Build.0 = Release|Any CPU
		{B2621D1F-0D63-4616-B74A-9C5660840D8A}.Release|x86.ActiveCfg = Release|Any CPU
		{B2621D1F-0D63-4616-B74A-9C5660840D8A}.Release|x86.Build.0 = Release|Any CPU
		{D71E2E31-AFCB-4B45-86C4-8087E0ECA6D4}.Debug|Any CPU.ActiveCfg = Debug|Any CPU
		{D71E2E31-AFCB-4B45-86C4-8087E0ECA6D4}.Debug|Any CPU.Build.0 = Debug|Any CPU
		{D71E2E31-AFCB-4B45-86C4-8087E0ECA6D4}.Debug|x64.ActiveCfg = Debug|Any CPU
		{D71E2E31-AFCB-4B45-86C4-8087E0ECA6D4}.Debug|x64.Build.0 = Debug|Any CPU
		{D71E2E31-AFCB-4B45-86C4-8087E0ECA6D4}.Debug|x86.ActiveCfg = Debug|Any CPU
		{D71E2E31-AFCB-4B45-86C4-8087E0ECA6D4}.Debug|x86.Build.0 = Debug|Any CPU
		{D71E2E31-AFCB-4B45-86C4-8087E0ECA6D4}.Release|Any CPU.ActiveCfg = Release|Any CPU
		{D71E2E31-AFCB-4B45-86C4-8087E0ECA6D4}.Release|Any CPU.Build.0 = Release|Any CPU
		{D71E2E31-AFCB-4B45-86C4-8087E0ECA6D4}.Release|x64.ActiveCfg = Release|Any CPU
		{D71E2E31-AFCB-4B45-86C4-8087E0ECA6D4}.Release|x64.Build.0 = Release|Any CPU
		{D71E2E31-AFCB-4B45-86C4-8087E0ECA6D4}.Release|x86.ActiveCfg = Release|Any CPU
		{D71E2E31-AFCB-4B45-86C4-8087E0ECA6D4}.Release|x86.Build.0 = Release|Any CPU
		{5ED63641-47AC-4B14-8C6F-349B575BC781}.Debug|Any CPU.ActiveCfg = Debug|Any CPU
		{5ED63641-47AC-4B14-8C6F-349B575BC781}.Debug|Any CPU.Build.0 = Debug|Any CPU
		{5ED63641-47AC-4B14-8C6F-349B575BC781}.Debug|x64.ActiveCfg = Debug|Any CPU
		{5ED63641-47AC-4B14-8C6F-349B575BC781}.Debug|x64.Build.0 = Debug|Any CPU
		{5ED63641-47AC-4B14-8C6F-349B575BC781}.Debug|x86.ActiveCfg = Debug|Any CPU
		{5ED63641-47AC-4B14-8C6F-349B575BC781}.Debug|x86.Build.0 = Debug|Any CPU
		{5ED63641-47AC-4B14-8C6F-349B575BC781}.Release|Any CPU.ActiveCfg = Release|Any CPU
		{5ED63641-47AC-4B14-8C6F-349B575BC781}.Release|Any CPU.Build.0 = Release|Any CPU
		{5ED63641-47AC-4B14-8C6F-349B575BC781}.Release|x64.ActiveCfg = Release|Any CPU
		{5ED63641-47AC-4B14-8C6F-349B575BC781}.Release|x64.Build.0 = Release|Any CPU
		{5ED63641-47AC-4B14-8C6F-349B575BC781}.Release|x86.ActiveCfg = Release|Any CPU
		{5ED63641-47AC-4B14-8C6F-349B575BC781}.Release|x86.Build.0 = Release|Any CPU
		{79CB364C-ACF0-4611-916C-F797FFA7B0CA}.Debug|Any CPU.ActiveCfg = Debug|Any CPU
		{79CB364C-ACF0-4611-916C-F797FFA7B0CA}.Debug|Any CPU.Build.0 = Debug|Any CPU
		{79CB364C-ACF0-4611-916C-F797FFA7B0CA}.Debug|x64.ActiveCfg = Debug|Any CPU
		{79CB364C-ACF0-4611-916C-F797FFA7B0CA}.Debug|x64.Build.0 = Debug|Any CPU
		{79CB364C-ACF0-4611-916C-F797FFA7B0CA}.Debug|x86.ActiveCfg = Debug|Any CPU
		{79CB364C-ACF0-4611-916C-F797FFA7B0CA}.Debug|x86.Build.0 = Debug|Any CPU
		{79CB364C-ACF0-4611-916C-F797FFA7B0CA}.Release|Any CPU.ActiveCfg = Release|Any CPU
		{79CB364C-ACF0-4611-916C-F797FFA7B0CA}.Release|Any CPU.Build.0 = Release|Any CPU
		{79CB364C-ACF0-4611-916C-F797FFA7B0CA}.Release|x64.ActiveCfg = Release|Any CPU
		{79CB364C-ACF0-4611-916C-F797FFA7B0CA}.Release|x64.Build.0 = Release|Any CPU
		{79CB364C-ACF0-4611-916C-F797FFA7B0CA}.Release|x86.ActiveCfg = Release|Any CPU
		{79CB364C-ACF0-4611-916C-F797FFA7B0CA}.Release|x86.Build.0 = Release|Any CPU
		{BED4F31B-EC0C-4ABF-9C3D-B7D02B1ED364}.Debug|Any CPU.ActiveCfg = Debug|Any CPU
		{BED4F31B-EC0C-4ABF-9C3D-B7D02B1ED364}.Debug|Any CPU.Build.0 = Debug|Any CPU
		{BED4F31B-EC0C-4ABF-9C3D-B7D02B1ED364}.Debug|x64.ActiveCfg = Debug|Any CPU
		{BED4F31B-EC0C-4ABF-9C3D-B7D02B1ED364}.Debug|x64.Build.0 = Debug|Any CPU
		{BED4F31B-EC0C-4ABF-9C3D-B7D02B1ED364}.Debug|x86.ActiveCfg = Debug|Any CPU
		{BED4F31B-EC0C-4ABF-9C3D-B7D02B1ED364}.Debug|x86.Build.0 = Debug|Any CPU
		{BED4F31B-EC0C-4ABF-9C3D-B7D02B1ED364}.Release|Any CPU.ActiveCfg = Release|Any CPU
		{BED4F31B-EC0C-4ABF-9C3D-B7D02B1ED364}.Release|Any CPU.Build.0 = Release|Any CPU
		{BED4F31B-EC0C-4ABF-9C3D-B7D02B1ED364}.Release|x64.ActiveCfg = Release|Any CPU
		{BED4F31B-EC0C-4ABF-9C3D-B7D02B1ED364}.Release|x64.Build.0 = Release|Any CPU
		{BED4F31B-EC0C-4ABF-9C3D-B7D02B1ED364}.Release|x86.ActiveCfg = Release|Any CPU
		{BED4F31B-EC0C-4ABF-9C3D-B7D02B1ED364}.Release|x86.Build.0 = Release|Any CPU
		{71D193B6-727A-41F9-A1B5-7D44E92ACD84}.Debug|Any CPU.ActiveCfg = Debug|Any CPU
		{71D193B6-727A-41F9-A1B5-7D44E92ACD84}.Debug|Any CPU.Build.0 = Debug|Any CPU
		{71D193B6-727A-41F9-A1B5-7D44E92ACD84}.Debug|x64.ActiveCfg = Debug|Any CPU
		{71D193B6-727A-41F9-A1B5-7D44E92ACD84}.Debug|x64.Build.0 = Debug|Any CPU
		{71D193B6-727A-41F9-A1B5-7D44E92ACD84}.Debug|x86.ActiveCfg = Debug|Any CPU
		{71D193B6-727A-41F9-A1B5-7D44E92ACD84}.Debug|x86.Build.0 = Debug|Any CPU
		{71D193B6-727A-41F9-A1B5-7D44E92ACD84}.Release|Any CPU.ActiveCfg = Release|Any CPU
		{71D193B6-727A-41F9-A1B5-7D44E92ACD84}.Release|Any CPU.Build.0 = Release|Any CPU
		{71D193B6-727A-41F9-A1B5-7D44E92ACD84}.Release|x64.ActiveCfg = Release|Any CPU
		{71D193B6-727A-41F9-A1B5-7D44E92ACD84}.Release|x64.Build.0 = Release|Any CPU
		{71D193B6-727A-41F9-A1B5-7D44E92ACD84}.Release|x86.ActiveCfg = Release|Any CPU
		{71D193B6-727A-41F9-A1B5-7D44E92ACD84}.Release|x86.Build.0 = Release|Any CPU
	EndGlobalSection
	GlobalSection(SolutionProperties) = preSolution
		HideSolutionNode = FALSE
	EndGlobalSection
	GlobalSection(NestedProjects) = preSolution
		{B1B713B5-70C9-4871-98EC-1AF557FAC575} = {827E0CD3-B72D-47B6-A68D-7590B98EB39B}
		{B2621D1F-0D63-4616-B74A-9C5660840D8A} = {827E0CD3-B72D-47B6-A68D-7590B98EB39B}
		{D71E2E31-AFCB-4B45-86C4-8087E0ECA6D4} = {827E0CD3-B72D-47B6-A68D-7590B98EB39B}
		{5ED63641-47AC-4B14-8C6F-349B575BC781} = {827E0CD3-B72D-47B6-A68D-7590B98EB39B}
		{79CB364C-ACF0-4611-916C-F797FFA7B0CA} = {827E0CD3-B72D-47B6-A68D-7590B98EB39B}
		{BED4F31B-EC0C-4ABF-9C3D-B7D02B1ED364} = {827E0CD3-B72D-47B6-A68D-7590B98EB39B}
		{71D193B6-727A-41F9-A1B5-7D44E92ACD84} = {827E0CD3-B72D-47B6-A68D-7590B98EB39B}
	EndGlobalSection
EndGlobal
